
Microsoft Visual Studio Solution File, Format Version 12.00
# Visual Studio Version 16
VisualStudioVersion = 16.0.31019.35
MinimumVisualStudioVersion = 10.0.40219.1
Project("{9A19103F-16F7-4668-BE54-9A1E7A4F7556}") = "Nawiasy", "Zadania\Nawiasy.csproj", "{3C599147-E233-472C-8989-A40483D899E4}"
EndProject
Project("{9A19103F-16F7-4668-BE54-9A1E7A4F7556}") = "ZadaniaNaTablicach", "Zadanie2\ZadaniaNaTablicach.csproj", "{52422E8C-61D4-49CD-91A3-367BEA598B6A}"
EndProject
Project("{9A19103F-16F7-4668-BE54-9A1E7A4F7556}") = "Algorytmy3", "Zadanie3\Algorytmy3.csproj", "{523666D5-A2A5-4992-86F4-431C97A479F8}"
EndProject
Project("{9A19103F-16F7-4668-BE54-9A1E7A4F7556}") = "ZadaniaNaStringach", "Zadanie4\ZadaniaNaStringach.csproj", "{417879BE-43EC-4251-B49D-6805AD267C86}"
EndProject
Project("{9A19103F-16F7-4668-BE54-9A1E7A4F7556}") = "Zadanie5", "Zadania5\Zadanie5.csproj", "{44F15E32-8CA8-4D4B-854D-FFEEEAFFDC34}"
EndProject
Project("{9A19103F-16F7-4668-BE54-9A1E7A4F7556}") = "Zadanie6", "Zadania6\Zadanie6.csproj", "{4851138D-2EC4-4C37-BF7E-5D67E10602C4}"
EndProject
Project("{9A19103F-16F7-4668-BE54-9A1E7A4F7556}") = "Zadanie7", "Zadanie7\Zadanie7.csproj", "{201CD899-A3DA-4F38-946C-A3D85A2DE09E}"
EndProject
Project("{9A19103F-16F7-4668-BE54-9A1E7A4F7556}") = "TaskInterview", "SoftSystem\TaskInterview.csproj", "{410343C7-529B-413C-83A7-4504D10E57D3}"
EndProject
Project("{9A19103F-16F7-4668-BE54-9A1E7A4F7556}") = "Zadanie8", "Zadanie8\Zadanie8.csproj", "{77C354B4-DBB9-4190-BE2D-72350F487704}"
EndProject
Project("{9A19103F-16F7-4668-BE54-9A1E7A4F7556}") = "Linq", "Linq\Linq.csproj", "{F3B6646E-16A7-4CF9-9E6A-66ABBE77FF76}"
EndProject
Project("{9A19103F-16F7-4668-BE54-9A1E7A4F7556}") = "Linq2", "Linq2\Linq2.csproj", "{F6E9F515-5D93-4016-8359-D202FBC59420}"
EndProject
Project("{9A19103F-16F7-4668-BE54-9A1E7A4F7556}") = "CodeWarsTask", "CodeWarsTask\CodeWarsTask.csproj", "{30079D07-036F-4DFC-B63B-0B0AC4D04403}"
EndProject
Global
	GlobalSection(SolutionConfigurationPlatforms) = preSolution
		Debug|Any CPU = Debug|Any CPU
		Release|Any CPU = Release|Any CPU
	EndGlobalSection
	GlobalSection(ProjectConfigurationPlatforms) = postSolution
		{3C599147-E233-472C-8989-A40483D899E4}.Debug|Any CPU.ActiveCfg = Debug|Any CPU
		{3C599147-E233-472C-8989-A40483D899E4}.Debug|Any CPU.Build.0 = Debug|Any CPU
		{3C599147-E233-472C-8989-A40483D899E4}.Release|Any CPU.ActiveCfg = Release|Any CPU
		{3C599147-E233-472C-8989-A40483D899E4}.Release|Any CPU.Build.0 = Release|Any CPU
		{52422E8C-61D4-49CD-91A3-367BEA598B6A}.Debug|Any CPU.ActiveCfg = Debug|Any CPU
		{52422E8C-61D4-49CD-91A3-367BEA598B6A}.Debug|Any CPU.Build.0 = Debug|Any CPU
		{52422E8C-61D4-49CD-91A3-367BEA598B6A}.Release|Any CPU.ActiveCfg = Release|Any CPU
		{52422E8C-61D4-49CD-91A3-367BEA598B6A}.Release|Any CPU.Build.0 = Release|Any CPU
		{523666D5-A2A5-4992-86F4-431C97A479F8}.Debug|Any CPU.ActiveCfg = Debug|Any CPU
		{523666D5-A2A5-4992-86F4-431C97A479F8}.Debug|Any CPU.Build.0 = Debug|Any CPU
		{523666D5-A2A5-4992-86F4-431C97A479F8}.Release|Any CPU.ActiveCfg = Release|Any CPU
		{523666D5-A2A5-4992-86F4-431C97A479F8}.Release|Any CPU.Build.0 = Release|Any CPU
		{417879BE-43EC-4251-B49D-6805AD267C86}.Debug|Any CPU.ActiveCfg = Debug|Any CPU
		{417879BE-43EC-4251-B49D-6805AD267C86}.Debug|Any CPU.Build.0 = Debug|Any CPU
		{417879BE-43EC-4251-B49D-6805AD267C86}.Release|Any CPU.ActiveCfg = Release|Any CPU
		{417879BE-43EC-4251-B49D-6805AD267C86}.Release|Any CPU.Build.0 = Release|Any CPU
		{44F15E32-8CA8-4D4B-854D-FFEEEAFFDC34}.Debug|Any CPU.ActiveCfg = Debug|Any CPU
		{44F15E32-8CA8-4D4B-854D-FFEEEAFFDC34}.Debug|Any CPU.Build.0 = Debug|Any CPU
		{44F15E32-8CA8-4D4B-854D-FFEEEAFFDC34}.Release|Any CPU.ActiveCfg = Release|Any CPU
		{44F15E32-8CA8-4D4B-854D-FFEEEAFFDC34}.Release|Any CPU.Build.0 = Release|Any CPU
		{4851138D-2EC4-4C37-BF7E-5D67E10602C4}.Debug|Any CPU.ActiveCfg = Debug|Any CPU
		{4851138D-2EC4-4C37-BF7E-5D67E10602C4}.Debug|Any CPU.Build.0 = Debug|Any CPU
		{4851138D-2EC4-4C37-BF7E-5D67E10602C4}.Release|Any CPU.ActiveCfg = Release|Any CPU
		{4851138D-2EC4-4C37-BF7E-5D67E10602C4}.Release|Any CPU.Build.0 = Release|Any CPU
		{201CD899-A3DA-4F38-946C-A3D85A2DE09E}.Debug|Any CPU.ActiveCfg = Debug|Any CPU
		{201CD899-A3DA-4F38-946C-A3D85A2DE09E}.Debug|Any CPU.Build.0 = Debug|Any CPU
		{201CD899-A3DA-4F38-946C-A3D85A2DE09E}.Release|Any CPU.ActiveCfg = Release|Any CPU
		{201CD899-A3DA-4F38-946C-A3D85A2DE09E}.Release|Any CPU.Build.0 = Release|Any CPU
		{410343C7-529B-413C-83A7-4504D10E57D3}.Debug|Any CPU.ActiveCfg = Debug|Any CPU
		{410343C7-529B-413C-83A7-4504D10E57D3}.Debug|Any CPU.Build.0 = Debug|Any CPU
		{410343C7-529B-413C-83A7-4504D10E57D3}.Release|Any CPU.ActiveCfg = Release|Any CPU
		{410343C7-529B-413C-83A7-4504D10E57D3}.Release|Any CPU.Build.0 = Release|Any CPU
		{77C354B4-DBB9-4190-BE2D-72350F487704}.Debug|Any CPU.ActiveCfg = Debug|Any CPU
		{77C354B4-DBB9-4190-BE2D-72350F487704}.Debug|Any CPU.Build.0 = Debug|Any CPU
		{77C354B4-DBB9-4190-BE2D-72350F487704}.Release|Any CPU.ActiveCfg = Release|Any CPU
		{77C354B4-DBB9-4190-BE2D-72350F487704}.Release|Any CPU.Build.0 = Release|Any CPU
		{F3B6646E-16A7-4CF9-9E6A-66ABBE77FF76}.Debug|Any CPU.ActiveCfg = Debug|Any CPU
		{F3B6646E-16A7-4CF9-9E6A-66ABBE77FF76}.Debug|Any CPU.Build.0 = Debug|Any CPU
		{F3B6646E-16A7-4CF9-9E6A-66ABBE77FF76}.Release|Any CPU.ActiveCfg = Release|Any CPU
		{F3B6646E-16A7-4CF9-9E6A-66ABBE77FF76}.Release|Any CPU.Build.0 = Release|Any CPU
		{F6E9F515-5D93-4016-8359-D202FBC59420}.Debug|Any CPU.ActiveCfg = Debug|Any CPU
		{F6E9F515-5D93-4016-8359-D202FBC59420}.Debug|Any CPU.Build.0 = Debug|Any CPU
		{F6E9F515-5D93-4016-8359-D202FBC59420}.Release|Any CPU.ActiveCfg = Release|Any CPU
		{F6E9F515-5D93-4016-8359-D202FBC59420}.Release|Any CPU.Build.0 = Release|Any CPU
		{30079D07-036F-4DFC-B63B-0B0AC4D04403}.Debug|Any CPU.ActiveCfg = Debug|Any CPU
		{30079D07-036F-4DFC-B63B-0B0AC4D04403}.Debug|Any CPU.Build.0 = Debug|Any CPU
		{30079D07-036F-4DFC-B63B-0B0AC4D04403}.Release|Any CPU.ActiveCfg = Release|Any CPU
		{30079D07-036F-4DFC-B63B-0B0AC4D04403}.Release|Any CPU.Build.0 = Release|Any CPU
	EndGlobalSection
	GlobalSection(SolutionProperties) = preSolution
		HideSolutionNode = FALSE
	EndGlobalSection
	GlobalSection(ExtensibilityGlobals) = postSolution
		SolutionGuid = {8DB3B99B-409E-40EE-B6BB-F61D3E86BDFD}
	EndGlobalSection
EndGlobal
